
Microsoft Visual Studio Solution File, Format Version 12.00
# Visual Studio Version 17
VisualStudioVersion = 17.11.35219.272
MinimumVisualStudioVersion = 10.0.40219.1
Project("{FAE04EC0-301F-11D3-BF4B-00C04F79EFBC}") = "progra1", "progra1\progra1.csproj", "{B864DB64-3B9B-4912-91B9-BDF47B4D52C7}"
EndProject
Global
	GlobalSection(SolutionConfigurationPlatforms) = preSolution
		Debug|Any CPU = Debug|Any CPU
		Release|Any CPU = Release|Any CPU
	EndGlobalSection
	GlobalSection(ProjectConfigurationPlatforms) = postSolution
		{B864DB64-3B9B-4912-91B9-BDF47B4D52C7}.Debug|Any CPU.ActiveCfg = Debug|Any CPU
		{B864DB64-3B9B-4912-91B9-BDF47B4D52C7}.Debug|Any CPU.Build.0 = Debug|Any CPU
		{B864DB64-3B9B-4912-91B9-BDF47B4D52C7}.Release|Any CPU.ActiveCfg = Release|Any CPU
		{B864DB64-3B9B-4912-91B9-BDF47B4D52C7}.Release|Any CPU.Build.0 = Release|Any CPU
	EndGlobalSection
	GlobalSection(SolutionProperties) = preSolution
		HideSolutionNode = FALSE
	EndGlobalSection
	GlobalSection(ExtensibilityGlobals) = postSolution
		SolutionGuid = {9FC3C257-3795-4FD1-AF1C-1E3DDC7AC908}
	EndGlobalSection
EndGlobal
